
Microsoft Visual Studio Solution File, Format Version 12.00
# Visual Studio Version 17
VisualStudioVersion = 17.13.35913.81 d17.13
MinimumVisualStudioVersion = 10.0.40219.1
Project("{FAE04EC0-301F-11D3-BF4B-00C04F79EFBC}") = "DemoConverter", "DemoConverter\DemoConverter.csproj", "{601729A9-2780-4586-B1B8-F391BFB78337}"
EndProject
Global
	GlobalSection(SolutionConfigurationPlatforms) = preSolution
		Debug|Any CPU = Debug|Any CPU
		Release|Any CPU = Release|Any CPU
	EndGlobalSection
	GlobalSection(ProjectConfigurationPlatforms) = postSolution
		{601729A9-2780-4586-B1B8-F391BFB78337}.Debug|Any CPU.ActiveCfg = Debug|Any CPU
		{601729A9-2780-4586-B1B8-F391BFB78337}.Debug|Any CPU.Build.0 = Debug|Any CPU
		{601729A9-2780-4586-B1B8-F391BFB78337}.Release|Any CPU.ActiveCfg = Release|Any CPU
		{601729A9-2780-4586-B1B8-F391BFB78337}.Release|Any CPU.Build.0 = Release|Any CPU
	EndGlobalSection
	GlobalSection(SolutionProperties) = preSolution
		HideSolutionNode = FALSE
	EndGlobalSection
	GlobalSection(ExtensibilityGlobals) = postSolution
		SolutionGuid = {C12AA699-865E-4670-8008-02BA8DEE09C3}
	EndGlobalSection
EndGlobal
